// !$*UTF8*$!
{
	archiveVersion = 1;
	classes = {
	};
	objectVersion = 48;
	objects = {

/* Begin PBXBuildFile section */
		3281908420699AC700221840 /* AppDelegate.swift in Sources */ = {isa = PBXBuildFile; fileRef = 3281908320699AC700221840 /* AppDelegate.swift */; };
		3281908620699AC700221840 /* ViewController.swift in Sources */ = {isa = PBXBuildFile; fileRef = 3281908520699AC700221840 /* ViewController.swift */; };
		3281908920699AC700221840 /* Main.storyboard in Resources */ = {isa = PBXBuildFile; fileRef = 3281908720699AC700221840 /* Main.storyboard */; };
		3281908B20699AC700221840 /* Assets.xcassets in Resources */ = {isa = PBXBuildFile; fileRef = 3281908A20699AC700221840 /* Assets.xcassets */; };
		3281908E20699AC700221840 /* LaunchScreen.storyboard in Resources */ = {isa = PBXBuildFile; fileRef = 3281908C20699AC700221840 /* LaunchScreen.storyboard */; };
		3281909920699AC700221840 /* WhatsTheWeatherTests.swift in Sources */ = {isa = PBXBuildFile; fileRef = 3281909820699AC700221840 /* WhatsTheWeatherTests.swift */; };
		328190A420699AC700221840 /* WhatsTheWeatherUITests.swift in Sources */ = {isa = PBXBuildFile; fileRef = 328190A320699AC700221840 /* WhatsTheWeatherUITests.swift */; };
/* End PBXBuildFile section */

/* Begin PBXContainerItemProxy section */
		3281909520699AC700221840 /* PBXContainerItemProxy */ = {
			isa = PBXContainerItemProxy;
			containerPortal = 3281907820699AC700221840 /* Project object */;
			proxyType = 1;
			remoteGlobalIDString = 3281907F20699AC700221840;
			remoteInfo = WhatsTheWeather;
		};
		328190A020699AC700221840 /* PBXContainerItemProxy */ = {
			isa = PBXContainerItemProxy;
			containerPortal = 3281907820699AC700221840 /* Project object */;
			proxyType = 1;
			remoteGlobalIDString = 3281907F20699AC700221840;
			remoteInfo = WhatsTheWeather;
		};
/* End PBXContainerItemProxy section */

/* Begin PBXFileReference section */
		3281908020699AC700221840 /* WhatsTheWeather.app */ = {isa = PBXFileReference; explicitFileType = wrapper.application; includeInIndex = 0; path = WhatsTheWeather.app; sourceTree = BUILT_PRODUCTS_DIR; };
		3281908320699AC700221840 /* AppDelegate.swift */ = {isa = PBXFileReference; lastKnownFileType = sourcecode.swift; path = AppDelegate.swift; sourceTree = "<group>"; };
		3281908520699AC700221840 /* ViewController.swift */ = {isa = PBXFileReference; lastKnownFileType = sourcecode.swift; path = ViewController.swift; sourceTree = "<group>"; };
		3281908820699AC700221840 /* Base */ = {isa = PBXFileReference; lastKnownFileType = file.storyboard; name = Base; path = Base.lproj/Main.storyboard; sourceTree = "<group>"; };
		3281908A20699AC700221840 /* Assets.xcassets */ = {isa = PBXFileReference; lastKnownFileType = folder.assetcatalog; path = Assets.xcassets; sourceTree = "<group>"; };
		3281908D20699AC700221840 /* Base */ = {isa = PBXFileReference; lastKnownFileType = file.storyboard; name = Base; path = Base.lproj/LaunchScreen.storyboard; sourceTree = "<group>"; };
		3281908F20699AC700221840 /* Info.plist */ = {isa = PBXFileReference; lastKnownFileType = text.plist.xml; path = Info.plist; sourceTree = "<group>"; };
		3281909420699AC700221840 /* WhatsTheWeatherTests.xctest */ = {isa = PBXFileReference; explicitFileType = wrapper.cfbundle; includeInIndex = 0; path = WhatsTheWeatherTests.xctest; sourceTree = BUILT_PRODUCTS_DIR; };
		3281909820699AC700221840 /* WhatsTheWeatherTests.swift */ = {isa = PBXFileReference; lastKnownFileType = sourcecode.swift; path = WhatsTheWeatherTests.swift; sourceTree = "<group>"; };
		3281909A20699AC700221840 /* Info.plist */ = {isa = PBXFileReference; lastKnownFileType = text.plist.xml; path = Info.plist; sourceTree = "<group>"; };
		3281909F20699AC700221840 /* WhatsTheWeatherUITests.xctest */ = {isa = PBXFileReference; explicitFileType = wrapper.cfbundle; includeInIndex = 0; path = WhatsTheWeatherUITests.xctest; sourceTree = BUILT_PRODUCTS_DIR; };
		328190A320699AC700221840 /* WhatsTheWeatherUITests.swift */ = {isa = PBXFileReference; lastKnownFileType = sourcecode.swift; path = WhatsTheWeatherUITests.swift; sourceTree = "<group>"; };
		328190A520699AC700221840 /* Info.plist */ = {isa = PBXFileReference; lastKnownFileType = text.plist.xml; path = Info.plist; sourceTree = "<group>"; };
/* End PBXFileReference section */

/* Begin PBXFrameworksBuildPhase section */
		3281907D20699AC700221840 /* Frameworks */ = {
			isa = PBXFrameworksBuildPhase;
			buildActionMask = 2147483647;
			files = (
			);
			runOnlyForDeploymentPostprocessing = 0;
		};
		3281909120699AC700221840 /* Frameworks */ = {
			isa = PBXFrameworksBuildPhase;
			buildActionMask = 2147483647;
			files = (
			);
			runOnlyForDeploymentPostprocessing = 0;
		};
		3281909C20699AC700221840 /* Frameworks */ = {
			isa = PBXFrameworksBuildPhase;
			buildActionMask = 2147483647;
			files = (
			);
			runOnlyForDeploymentPostprocessing = 0;
		};
/* End PBXFrameworksBuildPhase section */

/* Begin PBXGroup section */
		3281907720699AC700221840 = {
			isa = PBXGroup;
			children = (
				3281908220699AC700221840 /* WhatsTheWeather */,
				3281909720699AC700221840 /* WhatsTheWeatherTests */,
				328190A220699AC700221840 /* WhatsTheWeatherUITests */,
				3281908120699AC700221840 /* Products */,
			);
			sourceTree = "<group>";
		};
		3281908120699AC700221840 /* Products */ = {
			isa = PBXGroup;
			children = (
				3281908020699AC700221840 /* WhatsTheWeather.app */,
				3281909420699AC700221840 /* WhatsTheWeatherTests.xctest */,
				3281909F20699AC700221840 /* WhatsTheWeatherUITests.xctest */,
			);
			name = Products;
			sourceTree = "<group>";
		};
		3281908220699AC700221840 /* WhatsTheWeather */ = {
			isa = PBXGroup;
			children = (
				3281908320699AC700221840 /* AppDelegate.swift */,
				3281908520699AC700221840 /* ViewController.swift */,
				3281908720699AC700221840 /* Main.storyboard */,
				3281908A20699AC700221840 /* Assets.xcassets */,
				3281908C20699AC700221840 /* LaunchScreen.storyboard */,
				3281908F20699AC700221840 /* Info.plist */,
			);
			path = WhatsTheWeather;
			sourceTree = "<group>";
		};
		3281909720699AC700221840 /* WhatsTheWeatherTests */ = {
			isa = PBXGroup;
			children = (
				3281909820699AC700221840 /* WhatsTheWeatherTests.swift */,
				3281909A20699AC700221840 /* Info.plist */,
			);
			path = WhatsTheWeatherTests;
			sourceTree = "<group>";
		};
		328190A220699AC700221840 /* WhatsTheWeatherUITests */ = {
			isa = PBXGroup;
			children = (
				328190A320699AC700221840 /* WhatsTheWeatherUITests.swift */,
				328190A520699AC700221840 /* Info.plist */,
			);
			path = WhatsTheWeatherUITests;
			sourceTree = "<group>";
		};
/* End PBXGroup section */

/* Begin PBXNativeTarget section */
		3281907F20699AC700221840 /* WhatsTheWeather */ = {
			isa = PBXNativeTarget;
			buildConfigurationList = 328190A820699AC700221840 /* Build configuration list for PBXNativeTarget "WhatsTheWeather" */;
			buildPhases = (
				3281907C20699AC700221840 /* Sources */,
				3281907D20699AC700221840 /* Frameworks */,
				3281907E20699AC700221840 /* Resources */,
			);
			buildRules = (
			);
			dependencies = (
			);
			name = WhatsTheWeather;
			productName = WhatsTheWeather;
			productReference = 3281908020699AC700221840 /* WhatsTheWeather.app */;
			productType = "com.apple.product-type.application";
		};
		3281909320699AC700221840 /* WhatsTheWeatherTests */ = {
			isa = PBXNativeTarget;
			buildConfigurationList = 328190AB20699AC700221840 /* Build configuration list for PBXNativeTarget "WhatsTheWeatherTests" */;
			buildPhases = (
				3281909020699AC700221840 /* Sources */,
				3281909120699AC700221840 /* Frameworks */,
				3281909220699AC700221840 /* Resources */,
			);
			buildRules = (
			);
			dependencies = (
				3281909620699AC700221840 /* PBXTargetDependency */,
			);
			name = WhatsTheWeatherTests;
			productName = WhatsTheWeatherTests;
			productReference = 3281909420699AC700221840 /* WhatsTheWeatherTests.xctest */;
			productType = "com.apple.product-type.bundle.unit-test";
		};
		3281909E20699AC700221840 /* WhatsTheWeatherUITests */ = {
			isa = PBXNativeTarget;
			buildConfigurationList = 328190AE20699AC700221840 /* Build configuration list for PBXNativeTarget "WhatsTheWeatherUITests" */;
			buildPhases = (
				3281909B20699AC700221840 /* Sources */,
				3281909C20699AC700221840 /* Frameworks */,
				3281909D20699AC700221840 /* Resources */,
			);
			buildRules = (
			);
			dependencies = (
				328190A120699AC700221840 /* PBXTargetDependency */,
			);
			name = WhatsTheWeatherUITests;
			productName = WhatsTheWeatherUITests;
			productReference = 3281909F20699AC700221840 /* WhatsTheWeatherUITests.xctest */;
			productType = "com.apple.product-type.bundle.ui-testing";
		};
/* End PBXNativeTarget section */

/* Begin PBXProject section */
		3281907820699AC700221840 /* Project object */ = {
			isa = PBXProject;
			attributes = {
				LastSwiftUpdateCheck = 0920;
				LastUpgradeCheck = 0920;
				ORGANIZATIONNAME = "Rosanna Ma";
				TargetAttributes = {
					3281907F20699AC700221840 = {
						CreatedOnToolsVersion = 9.2;
						ProvisioningStyle = Automatic;
					};
					3281909320699AC700221840 = {
						CreatedOnToolsVersion = 9.2;
						ProvisioningStyle = Automatic;
						TestTargetID = 3281907F20699AC700221840;
					};
					3281909E20699AC700221840 = {
						CreatedOnToolsVersion = 9.2;
						ProvisioningStyle = Automatic;
						TestTargetID = 3281907F20699AC700221840;
					};
				};
			};
			buildConfigurationList = 3281907B20699AC700221840 /* Build configuration list for PBXProject "WhatsTheWeather" */;
			compatibilityVersion = "Xcode 8.0";
			developmentRegion = en;
			hasScannedForEncodings = 0;
			knownRegions = (
				en,
				Base,
			);
			mainGroup = 3281907720699AC700221840;
			productRefGroup = 3281908120699AC700221840 /* Products */;
			projectDirPath = "";
			projectRoot = "";
			targets = (
				3281907F20699AC700221840 /* WhatsTheWeather */,
				3281909320699AC700221840 /* WhatsTheWeatherTests */,
				3281909E20699AC700221840 /* WhatsTheWeatherUITests */,
			);
		};
/* End PBXProject section */

/* Begin PBXResourcesBuildPhase section */
		3281907E20699AC700221840 /* Resources */ = {
			isa = PBXResourcesBuildPhase;
			buildActionMask = 2147483647;
			files = (
				3281908E20699AC700221840 /* LaunchScreen.storyboard in Resources */,
				3281908B20699AC700221840 /* Assets.xcassets in Resources */,
				3281908920699AC700221840 /* Main.storyboard in Resources */,
			);
			runOnlyForDeploymentPostprocessing = 0;
		};
		3281909220699AC700221840 /* Resources */ = {
			isa = PBXResourcesBuildPhase;
			buildActionMask = 2147483647;
			files = (
			);
			runOnlyForDeploymentPostprocessing = 0;
		};
		3281909D20699AC700221840 /* Resources */ = {
			isa = PBXResourcesBuildPhase;
			buildActionMask = 2147483647;
			files = (
			);
			runOnlyForDeploymentPostprocessing = 0;
		};
/* End PBXResourcesBuildPhase section */

/* Begin PBXSourcesBuildPhase section */
		3281907C20699AC700221840 /* Sources */ = {
			isa = PBXSourcesBuildPhase;
			buildActionMask = 2147483647;
			files = (
				3281908620699AC700221840 /* ViewController.swift in Sources */,
				3281908420699AC700221840 /* AppDelegate.swift in Sources */,
			);
			runOnlyForDeploymentPostprocessing = 0;
		};
		3281909020699AC700221840 /* Sources */ = {
			isa = PBXSourcesBuildPhase;
			buildActionMask = 2147483647;
			files = (
				3281909920699AC700221840 /* WhatsTheWeatherTests.swift in Sources */,
			);
			runOnlyForDeploymentPostprocessing = 0;
		};
		3281909B20699AC700221840 /* Sources */ = {
			isa = PBXSourcesBuildPhase;
			buildActionMask = 2147483647;
			files = (
				328190A420699AC700221840 /* WhatsTheWeatherUITests.swift in Sources */,
			);
			runOnlyForDeploymentPostprocessing = 0;
		};
/* End PBXSourcesBuildPhase section */

/* Begin PBXTargetDependency section */
		3281909620699AC700221840 /* PBXTargetDependency */ = {
			isa = PBXTargetDependency;
			target = 3281907F20699AC700221840 /* WhatsTheWeather */;
			targetProxy = 3281909520699AC700221840 /* PBXContainerItemProxy */;
		};
		328190A120699AC700221840 /* PBXTargetDependency */ = {
			isa = PBXTargetDependency;
			target = 3281907F20699AC700221840 /* WhatsTheWeather */;
			targetProxy = 328190A020699AC700221840 /* PBXContainerItemProxy */;
		};
/* End PBXTargetDependency section */

/* Begin PBXVariantGroup section */
		3281908720699AC700221840 /* Main.storyboard */ = {
			isa = PBXVariantGroup;
			children = (
				3281908820699AC700221840 /* Base */,
			);
			name = Main.storyboard;
			sourceTree = "<group>";
		};
		3281908C20699AC700221840 /* LaunchScreen.storyboard */ = {
			isa = PBXVariantGroup;
			children = (
				3281908D20699AC700221840 /* Base */,
			);
			name = LaunchScreen.storyboard;
			sourceTree = "<group>";
		};
/* End PBXVariantGroup section */

/* Begin XCBuildConfiguration section */
		328190A620699AC700221840 /* Debug */ = {
			isa = XCBuildConfiguration;
			buildSettings = {
				ALWAYS_SEARCH_USER_PATHS = NO;
				CLANG_ANALYZER_NONNULL = YES;
				CLANG_ANALYZER_NUMBER_OBJECT_CONVERSION = YES_AGGRESSIVE;
				CLANG_CXX_LANGUAGE_STANDARD = "gnu++14";
				CLANG_CXX_LIBRARY = "libc++";
				CLANG_ENABLE_MODULES = YES;
				CLANG_ENABLE_OBJC_ARC = YES;
				CLANG_WARN_BLOCK_CAPTURE_AUTORELEASING = YES;
				CLANG_WARN_BOOL_CONVERSION = YES;
				CLANG_WARN_COMMA = YES;
				CLANG_WARN_CONSTANT_CONVERSION = YES;
				CLANG_WARN_DIRECT_OBJC_ISA_USAGE = YES_ERROR;
				CLANG_WARN_DOCUMENTATION_COMMENTS = YES;
				CLANG_WARN_EMPTY_BODY = YES;
				CLANG_WARN_ENUM_CONVERSION = YES;
				CLANG_WARN_INFINITE_RECURSION = YES;
				CLANG_WARN_INT_CONVERSION = YES;
				CLANG_WARN_NON_LITERAL_NULL_CONVERSION = YES;
				CLANG_WARN_OBJC_LITERAL_CONVERSION = YES;
				CLANG_WARN_OBJC_ROOT_CLASS = YES_ERROR;
				CLANG_WARN_RANGE_LOOP_ANALYSIS = YES;
				CLANG_WARN_STRICT_PROTOTYPES = YES;
				CLANG_WARN_SUSPICIOUS_MOVE = YES;
				CLANG_WARN_UNGUARDED_AVAILABILITY = YES_AGGRESSIVE;
				CLANG_WARN_UNREACHABLE_CODE = YES;
				CLANG_WARN__DUPLICATE_METHOD_MATCH = YES;
				CODE_SIGN_IDENTITY = "iPhone Developer";
				COPY_PHASE_STRIP = NO;
				DEBUG_INFORMATION_FORMAT = dwarf;
				ENABLE_STRICT_OBJC_MSGSEND = YES;
				ENABLE_TESTABILITY = YES;
				GCC_C_LANGUAGE_STANDARD = gnu11;
				GCC_DYNAMIC_NO_PIC = NO;
				GCC_NO_COMMON_BLOCKS = YES;
				GCC_OPTIMIZATION_LEVEL = 0;
				GCC_PREPROCESSOR_DEFINITIONS = (
					"DEBUG=1",
					"$(inherited)",
				);
				GCC_WARN_64_TO_32_BIT_CONVERSION = YES;
				GCC_WARN_ABOUT_RETURN_TYPE = YES_ERROR;
				GCC_WARN_UNDECLARED_SELECTOR = YES;
				GCC_WARN_UNINITIALIZED_AUTOS = YES_AGGRESSIVE;
				GCC_WARN_UNUSED_FUNCTION = YES;
				GCC_WARN_UNUSED_VARIABLE = YES;
				IPHONEOS_DEPLOYMENT_TARGET = 11.2;
				MTL_ENABLE_DEBUG_INFO = YES;
				ONLY_ACTIVE_ARCH = YES;
				SDKROOT = iphoneos;
				SWIFT_ACTIVE_COMPILATION_CONDITIONS = DEBUG;
				SWIFT_OPTIMIZATION_LEVEL = "-Onone";
			};
			name = Debug;
		};
		328190A720699AC700221840 /* Release */ = {
			isa = XCBuildConfiguration;
			buildSettings = {
				ALWAYS_SEARCH_USER_PATHS = NO;
				CLANG_ANALYZER_NONNULL = YES;
				CLANG_ANALYZER_NUMBER_OBJECT_CONVERSION = YES_AGGRESSIVE;
				CLANG_CXX_LANGUAGE_STANDARD = "gnu++14";
				CLANG_CXX_LIBRARY = "libc++";
				CLANG_ENABLE_MODULES = YES;
				CLANG_ENABLE_OBJC_ARC = YES;
				CLANG_WARN_BLOCK_CAPTURE_AUTORELEASING = YES;
				CLANG_WARN_BOOL_CONVERSION = YES;
				CLANG_WARN_COMMA = YES;
				CLANG_WARN_CONSTANT_CONVERSION = YES;
				CLANG_WARN_DIRECT_OBJC_ISA_USAGE = YES_ERROR;
				CLANG_WARN_DOCUMENTATION_COMMENTS = YES;
				CLANG_WARN_EMPTY_BODY = YES;
				CLANG_WARN_ENUM_CONVERSION = YES;
				CLANG_WARN_INFINITE_RECURSION = YES;
				CLANG_WARN_INT_CONVERSION = YES;
				CLANG_WARN_NON_LITERAL_NULL_CONVERSION = YES;
				CLANG_WARN_OBJC_LITERAL_CONVERSION = YES;
				CLANG_WARN_OBJC_ROOT_CLASS = YES_ERROR;
				CLANG_WARN_RANGE_LOOP_ANALYSIS = YES;
				CLANG_WARN_STRICT_PROTOTYPES = YES;
				CLANG_WARN_SUSPICIOUS_MOVE = YES;
				CLANG_WARN_UNGUARDED_AVAILABILITY = YES_AGGRESSIVE;
				CLANG_WARN_UNREACHABLE_CODE = YES;
				CLANG_WARN__DUPLICATE_METHOD_MATCH = YES;
				CODE_SIGN_IDENTITY = "iPhone Developer";
				COPY_PHASE_STRIP = NO;
				DEBUG_INFORMATION_FORMAT = "dwarf-with-dsym";
				ENABLE_NS_ASSERTIONS = NO;
				ENABLE_STRICT_OBJC_MSGSEND = YES;
				GCC_C_LANGUAGE_STANDARD = gnu11;
				GCC_NO_COMMON_BLOCKS = YES;
				GCC_WARN_64_TO_32_BIT_CONVERSION = YES;
				GCC_WARN_ABOUT_RETURN_TYPE = YES_ERROR;
				GCC_WARN_UNDECLARED_SELECTOR = YES;
				GCC_WARN_UNINITIALIZED_AUTOS = YES_AGGRESSIVE;
				GCC_WARN_UNUSED_FUNCTION = YES;
				GCC_WARN_UNUSED_VARIABLE = YES;
				IPHONEOS_DEPLOYMENT_TARGET = 11.2;
				MTL_ENABLE_DEBUG_INFO = NO;
				SDKROOT = iphoneos;
				SWIFT_OPTIMIZATION_LEVEL = "-Owholemodule";
				VALIDATE_PRODUCT = YES;
			};
			name = Release;
		};
		328190A920699AC700221840 /* Debug */ = {
			isa = XCBuildConfiguration;
			buildSettings = {
				ASSETCATALOG_COMPILER_APPICON_NAME = AppIcon;
				CODE_SIGN_STYLE = Automatic;
				INFOPLIST_FILE = WhatsTheWeather/Info.plist;
				LD_RUNPATH_SEARCH_PATHS = "$(inherited) @executable_path/Frameworks";
				PRODUCT_BUNDLE_IDENTIFIER = com.rosannama.WhatsTheWeather;
				PRODUCT_NAME = "$(TARGET_NAME)";
				SWIFT_VERSION = 4.0;
				TARGETED_DEVICE_FAMILY = "1,2";
			};
			name = Debug;
		};
		328190AA20699AC700221840 /* Release */ = {
			isa = XCBuildConfiguration;
			buildSettings = {
				ASSETCATALOG_COMPILER_APPICON_NAME = AppIcon;
				CODE_SIGN_STYLE = Automatic;
				INFOPLIST_FILE = WhatsTheWeather/Info.plist;
				LD_RUNPATH_SEARCH_PATHS = "$(inherited) @executable_path/Frameworks";
				PRODUCT_BUNDLE_IDENTIFIER = com.rosannama.WhatsTheWeather;
				PRODUCT_NAME = "$(TARGET_NAME)";
				SWIFT_VERSION = 4.0;
				TARGETED_DEVICE_FAMILY = "1,2";
			};
			name = Release;
		};
		328190AC20699AC700221840 /* Debug */ = {
			isa = XCBuildConfiguration;
			buildSettings = {
				ALWAYS_EMBED_SWIFT_STANDARD_LIBRARIES = YES;
				BUNDLE_LOADER = "$(TEST_HOST)";
				CODE_SIGN_STYLE = Automatic;
				INFOPLIST_FILE = WhatsTheWeatherTests/Info.plist;
				LD_RUNPATH_SEARCH_PATHS = "$(inherited) @executable_path/Frameworks @loader_path/Frameworks";
				PRODUCT_BUNDLE_IDENTIFIER = com.rosannama.WhatsTheWeatherTests;
				PRODUCT_NAME = "$(TARGET_NAME)";
				SWIFT_VERSION = 4.0;
				TARGETED_DEVICE_FAMILY = "1,2";
				TEST_HOST = "$(BUILT_PRODUCTS_DIR)/WhatsTheWeather.app/WhatsTheWeather";
			};
			name = Debug;
		};
		328190AD20699AC700221840 /* Release */ = {
			isa = XCBuildConfiguration;
			buildSettings = {
				ALWAYS_EMBED_SWIFT_STANDARD_LIBRARIES = YES;
				BUNDLE_LOADER = "$(TEST_HOST)";
				CODE_SIGN_STYLE = Automatic;
				INFOPLIST_FILE = WhatsTheWeatherTests/Info.plist;
				LD_RUNPATH_SEARCH_PATHS = "$(inherited) @executable_path/Frameworks @loader_path/Frameworks";
				PRODUCT_BUNDLE_IDENTIFIER = com.rosannama.WhatsTheWeatherTests;
				PRODUCT_NAME = "$(TARGET_NAME)";
				SWIFT_VERSION = 4.0;
				TARGETED_DEVICE_FAMILY = "1,2";
				TEST_HOST = "$(BUILT_PRODUCTS_DIR)/WhatsTheWeather.app/WhatsTheWeather";
			};
			name = Release;
		};
		328190AF20699AC700221840 /* Debug */ = {
			isa = XCBuildConfiguration;
			buildSettings = {
				ALWAYS_EMBED_SWIFT_STANDARD_LIBRARIES = YES;
				CODE_SIGN_STYLE = Automatic;
				INFOPLIST_FILE = WhatsTheWeatherUITests/Info.plist;
				LD_RUNPATH_SEARCH_PATHS = "$(inherited) @executable_path/Frameworks @loader_path/Frameworks";
				PRODUCT_BUNDLE_IDENTIFIER = com.rosannama.WhatsTheWeatherUITests;
				PRODUCT_NAME = "$(TARGET_NAME)";
				SWIFT_VERSION = 4.0;
				TARGETED_DEVICE_FAMILY = "1,2";
				TEST_TARGET_NAME = WhatsTheWeather;
			};
			name = Debug;
		};
		328190B020699AC700221840 /* Release */ = {
			isa = XCBuildConfiguration;
			buildSettings = {
				ALWAYS_EMBED_SWIFT_STANDARD_LIBRARIES = YES;
				CODE_SIGN_STYLE = Automatic;
				INFOPLIST_FILE = WhatsTheWeatherUITests/Info.plist;
				LD_RUNPATH_SEARCH_PATHS = "$(inherited) @executable_path/Frameworks @loader_path/Frameworks";
				PRODUCT_BUNDLE_IDENTIFIER = com.rosannama.WhatsTheWeatherUITests;
				PRODUCT_NAME = "$(TARGET_NAME)";
				SWIFT_VERSION = 4.0;
				TARGETED_DEVICE_FAMILY = "1,2";
				TEST_TARGET_NAME = WhatsTheWeather;
			};
			name = Release;
		};
/* End XCBuildConfiguration section */

/* Begin XCConfigurationList section */
		3281907B20699AC700221840 /* Build configuration list for PBXProject "WhatsTheWeather" */ = {
			isa = XCConfigurationList;
			buildConfigurations = (
				328190A620699AC700221840 /* Debug */,
				328190A720699AC700221840 /* Release */,
			);
			defaultConfigurationIsVisible = 0;
			defaultConfigurationName = Release;
		};
		328190A820699AC700221840 /* Build configuration list for PBXNativeTarget "WhatsTheWeather" */ = {
			isa = XCConfigurationList;
			buildConfigurations = (
				328190A920699AC700221840 /* Debug */,
				328190AA20699AC700221840 /* Release */,
			);
			defaultConfigurationIsVisible = 0;
			defaultConfigurationName = Release;
		};
		328190AB20699AC700221840 /* Build configuration list for PBXNativeTarget "WhatsTheWeatherTests" */ = {
			isa = XCConfigurationList;
			buildConfigurations = (
				328190AC20699AC700221840 /* Debug */,
				328190AD20699AC700221840 /* Release */,
			);
			defaultConfigurationIsVisible = 0;
			defaultConfigurationName = Release;
		};
		328190AE20699AC700221840 /* Build configuration list for PBXNativeTarget "WhatsTheWeatherUITests" */ = {
			isa = XCConfigurationList;
			buildConfigurations = (
				328190AF20699AC700221840 /* Debug */,
				328190B020699AC700221840 /* Release */,
			);
			defaultConfigurationIsVisible = 0;
			defaultConfigurationName = Release;
		};
/* End XCConfigurationList section */
	};
	rootObject = 3281907820699AC700221840 /* Project object */;
}
